
Microsoft Visual Studio Solution File, Format Version 12.00
# Visual Studio Version 17
VisualStudioVersion = 17.6.33815.320
MinimumVisualStudioVersion = 10.0.40219.1
Project("{FAE04EC0-301F-11D3-BF4B-00C04F79EFBC}") = "BookGame", "BookGame\BookGame.csproj", "{55EED3A9-992F-4E30-86A7-830507EDFB6E}"
EndProject
Global
	GlobalSection(SolutionConfigurationPlatforms) = preSolution
		Debug|Any CPU = Debug|Any CPU
		Release|Any CPU = Release|Any CPU
	EndGlobalSection
	GlobalSection(ProjectConfigurationPlatforms) = postSolution
		{55EED3A9-992F-4E30-86A7-830507EDFB6E}.Debug|Any CPU.ActiveCfg = Debug|Any CPU
		{55EED3A9-992F-4E30-86A7-830507EDFB6E}.Debug|Any CPU.Build.0 = Debug|Any CPU
		{55EED3A9-992F-4E30-86A7-830507EDFB6E}.Release|Any CPU.ActiveCfg = Release|Any CPU
		{55EED3A9-992F-4E30-86A7-830507EDFB6E}.Release|Any CPU.Build.0 = Release|Any CPU
	EndGlobalSection
	GlobalSection(SolutionProperties) = preSolution
		HideSolutionNode = FALSE
	EndGlobalSection
	GlobalSection(ExtensibilityGlobals) = postSolution
		SolutionGuid = {2BD8C7E8-311E-4AF4-B3D7-9953D7BD2FDF}
	EndGlobalSection
EndGlobal
